
Microsoft Visual Studio Solution File, Format Version 12.00
# Visual Studio Version 16
VisualStudioVersion = 16.0.31321.278
MinimumVisualStudioVersion = 10.0.40219.1
Project("{FAE04EC0-301F-11D3-BF4B-00C04F79EFBC}") = "PNumG", "PNumG\PNumG.csproj", "{B3F2761E-2D49-4664-8C89-42313D73399B}"
EndProject
Project("{D954291E-2A0B-460D-934E-DC6B0785DB48}") = "SharedWPF", "..\SharedWPF\SharedWPF\SharedWPF.shproj", "{AE6E9D7E-4F8F-43C0-A1EB-9BCF75EF9FCB}"
EndProject
Global
	GlobalSection(SharedMSBuildProjectFiles) = preSolution
		..\SharedWPF\SharedWPF\SharedWPF.projitems*{ae6e9d7e-4f8f-43c0-a1eb-9bcf75ef9fcb}*SharedItemsImports = 13
		..\SharedWPF\SharedWPF\SharedWPF.projitems*{b3f2761e-2d49-4664-8c89-42313d73399b}*SharedItemsImports = 5
	EndGlobalSection
	GlobalSection(SolutionConfigurationPlatforms) = preSolution
		Debug|Any CPU = Debug|Any CPU
		Release|Any CPU = Release|Any CPU
	EndGlobalSection
	GlobalSection(ProjectConfigurationPlatforms) = postSolution
		{B3F2761E-2D49-4664-8C89-42313D73399B}.Debug|Any CPU.ActiveCfg = Debug|Any CPU
		{B3F2761E-2D49-4664-8C89-42313D73399B}.Debug|Any CPU.Build.0 = Debug|Any CPU
		{B3F2761E-2D49-4664-8C89-42313D73399B}.Release|Any CPU.ActiveCfg = Release|Any CPU
		{B3F2761E-2D49-4664-8C89-42313D73399B}.Release|Any CPU.Build.0 = Release|Any CPU
	EndGlobalSection
	GlobalSection(SolutionProperties) = preSolution
		HideSolutionNode = FALSE
	EndGlobalSection
	GlobalSection(ExtensibilityGlobals) = postSolution
		SolutionGuid = {A10FAFAB-0477-411F-A56B-C30D1222B419}
	EndGlobalSection
EndGlobal
